// !$*UTF8*$!
{
	archiveVersion = 1;
	classes = {
	};
	objectVersion = 77;
	objects = {

/* Begin PBXBuildFile section */
		FA000000000000000000000C /* FlapseWidgets.appex in Embed Foundation Extensions */ = {isa = PBXBuildFile; fileRef = FA0000000000000000000006 /* FlapseWidgets.appex */; settings = {ATTRIBUTES = (RemoveHeadersOnCopy, ); }; };
/* End PBXBuildFile section */

/* Begin PBXContainerItemProxy section */
		F1C4FEA02FF58B0700294B17 /* PBXContainerItemProxy */ = {
			isa = PBXContainerItemProxy;
			containerPortal = F1C4FE8A2FF58B0500294B17 /* Project object */;
			proxyType = 1;
			remoteGlobalIDString = F1C4FE912FF58B0500294B17;
			remoteInfo = Flapse;
		};
		F1C4FEAA2FF58B0700294B17 /* PBXContainerItemProxy */ = {
			isa = PBXContainerItemProxy;
			containerPortal = F1C4FE8A2FF58B0500294B17 /* Project object */;
			proxyType = 1;
			remoteGlobalIDString = F1C4FE912FF58B0500294B17;
			remoteInfo = Flapse;
		};
		FA000000000000000000000A /* PBXContainerItemProxy */ = {
			isa = PBXContainerItemProxy;
			containerPortal = F1C4FE8A2FF58B0500294B17 /* Project object */;
			proxyType = 1;
			remoteGlobalIDString = FA0000000000000000000001;
			remoteInfo = FlapseWidgets;
		};
/* End PBXContainerItemProxy section */

/* Begin PBXCopyFilesBuildPhase section */
		FA000000000000000000000B /* Embed Foundation Extensions */ = {
			isa = PBXCopyFilesBuildPhase;
			buildActionMask = 2147483647;
			dstPath = "";
			dstSubfolderSpec = 13;
			files = (
				FA000000000000000000000C /* FlapseWidgets.appex in Embed Foundation Extensions */,
			);
			name = "Embed Foundation Extensions";
			runOnlyForDeploymentPostprocessing = 0;
		};
/* End PBXCopyFilesBuildPhase section */

/* Begin PBXFileReference section */
		F1C4FE922FF58B0500294B17 /* Flapse.app */ = {isa = PBXFileReference; explicitFileType = wrapper.application; includeInIndex = 0; path = Flapse.app; sourceTree = BUILT_PRODUCTS_DIR; };
		F1C4FE9F2FF58B0700294B17 /* FlapseTests.xctest */ = {isa = PBXFileReference; explicitFileType = wrapper.cfbundle; includeInIndex = 0; path = FlapseTests.xctest; sourceTree = BUILT_PRODUCTS_DIR; };
		F1C4FEA92FF58B0700294B17 /* FlapseUITests.xctest */ = {isa = PBXFileReference; explicitFileType = wrapper.cfbundle; includeInIndex = 0; path = FlapseUITests.xctest; sourceTree = BUILT_PRODUCTS_DIR; };
		F1C4FEBC2FF58B0700294B17 /* Products.storekit */ = {isa = PBXFileReference; lastKnownFileType = text.json.xcstorekit; path = Products.storekit; sourceTree = "<group>"; };
		FA0000000000000000000006 /* FlapseWidgets.appex */ = {isa = PBXFileReference; explicitFileType = "wrapper.app-extension"; includeInIndex = 0; path = FlapseWidgets.appex; sourceTree = BUILT_PRODUCTS_DIR; };
/* End PBXFileReference section */

/* Begin PBXFileSystemSynchronizedBuildFileExceptionSet section */
		F1C4FEC02FF58B0800294B17 /* Exceptions for "Flapse" folder in "Flapse" target */ = {
			isa = PBXFileSystemSynchronizedBuildFileExceptionSet;
			membershipExceptions = (
				Info.plist,
			);
			target = F1C4FE912FF58B0500294B17 /* Flapse */;
		};
		FA000000000000000000000D /* Exceptions for "Widgets" folder in "FlapseWidgets" target */ = {
			isa = PBXFileSystemSynchronizedBuildFileExceptionSet;
			membershipExceptions = (
				Info.plist,
			);
			target = FA0000000000000000000001 /* FlapseWidgets */;
		};
/* End PBXFileSystemSynchronizedBuildFileExceptionSet section */

/* Begin PBXFileSystemSynchronizedRootGroup section */
		F1C4FE942FF58B0500294B17 /* Flapse */ = {
			isa = PBXFileSystemSynchronizedRootGroup;
			exceptions = (
				F1C4FEC02FF58B0800294B17 /* Exceptions for "Flapse" folder in "Flapse" target */,
			);
			path = Flapse;
			sourceTree = "<group>";
		};
		F1C4FEA22FF58B0700294B17 /* FlapseTests */ = {
			isa = PBXFileSystemSynchronizedRootGroup;
			path = FlapseTests;
			sourceTree = "<group>";
		};
		F1C4FEAC2FF58B0700294B17 /* FlapseUITests */ = {
			isa = PBXFileSystemSynchronizedRootGroup;
			path = FlapseUITests;
			sourceTree = "<group>";
		};
		FA0000000000000000000002 /* Widgets */ = {
			isa = PBXFileSystemSynchronizedRootGroup;
			exceptions = (
				FA000000000000000000000D /* Exceptions for "Widgets" folder in "FlapseWidgets" target */,
			);
			path = Widgets;
			sourceTree = "<group>";
		};
/* End PBXFileSystemSynchronizedRootGroup section */

/* Begin PBXFrameworksBuildPhase section */
		F1C4FE8F2FF58B0500294B17 /* Frameworks */ = {
			isa = PBXFrameworksBuildPhase;
			buildActionMask = 2147483647;
			files = (
			);
			runOnlyForDeploymentPostprocessing = 0;
		};
		F1C4FE9C2FF58B0700294B17 /* Frameworks */ = {
			isa = PBXFrameworksBuildPhase;
			buildActionMask = 2147483647;
			files = (
			);
			runOnlyForDeploymentPostprocessing = 0;
		};
		F1C4FEA62FF58B0700294B17 /* Frameworks */ = {
			isa = PBXFrameworksBuildPhase;
			buildActionMask = 2147483647;
			files = (
			);
			runOnlyForDeploymentPostprocessing = 0;
		};
		FA0000000000000000000008 /* Frameworks */ = {
			isa = PBXFrameworksBuildPhase;
			buildActionMask = 2147483647;
			files = (
			);
			runOnlyForDeploymentPostprocessing = 0;
		};
/* End PBXFrameworksBuildPhase section */

/* Begin PBXGroup section */
		F1C4FE892FF58B0500294B17 = {
			isa = PBXGroup;
			children = (
				F1C4FE942FF58B0500294B17 /* Flapse */,
				FA0000000000000000000002 /* Widgets */,
				F1C4FEA22FF58B0700294B17 /* FlapseTests */,
				F1C4FEAC2FF58B0700294B17 /* FlapseUITests */,
				F1C4FEBC2FF58B0700294B17 /* Products.storekit */,
				F1C4FE932FF58B0500294B17 /* Products */,
			);
			sourceTree = "<group>";
		};
		F1C4FE932FF58B0500294B17 /* Products */ = {
			isa = PBXGroup;
			children = (
				F1C4FE922FF58B0500294B17 /* Flapse.app */,
				FA0000000000000000000006 /* FlapseWidgets.appex */,
				F1C4FE9F2FF58B0700294B17 /* FlapseTests.xctest */,
				F1C4FEA92FF58B0700294B17 /* FlapseUITests.xctest */,
			);
			name = Products;
			sourceTree = "<group>";
		};
/* End PBXGroup section */

/* Begin PBXNativeTarget section */
		F1C4FE912FF58B0500294B17 /* Flapse */ = {
			isa = PBXNativeTarget;
			buildConfigurationList = F1C4FEB32FF58B0700294B17 /* Build configuration list for PBXNativeTarget "Flapse" */;
			buildPhases = (
				F1C4FE8E2FF58B0500294B17 /* Sources */,
				F1C4FE8F2FF58B0500294B17 /* Frameworks */,
				F1C4FE902FF58B0500294B17 /* Resources */,
				FA000000000000000000000B /* Embed Foundation Extensions */,
			);
			buildRules = (
			);
			dependencies = (
				FA000000000000000000000E /* PBXTargetDependency */,
			);
			fileSystemSynchronizedGroups = (
				F1C4FE942FF58B0500294B17 /* Flapse */,
			);
			name = Flapse;
			packageProductDependencies = (
			);
			productName = Flapse;
			productReference = F1C4FE922FF58B0500294B17 /* Flapse.app */;
			productType = "com.apple.product-type.application";
		};
		F1C4FE9E2FF58B0700294B17 /* FlapseTests */ = {
			isa = PBXNativeTarget;
			buildConfigurationList = F1C4FEB62FF58B0700294B17 /* Build configuration list for PBXNativeTarget "FlapseTests" */;
			buildPhases = (
				F1C4FE9B2FF58B0700294B17 /* Sources */,
				F1C4FE9C2FF58B0700294B17 /* Frameworks */,
				F1C4FE9D2FF58B0700294B17 /* Resources */,
			);
			buildRules = (
			);
			dependencies = (
				F1C4FEA12FF58B0700294B17 /* PBXTargetDependency */,
			);
			fileSystemSynchronizedGroups = (
				F1C4FEA22FF58B0700294B17 /* FlapseTests */,
			);
			name = FlapseTests;
			packageProductDependencies = (
			);
			productName = FlapseTests;
			productReference = F1C4FE9F2FF58B0700294B17 /* FlapseTests.xctest */;
			productType = "com.apple.product-type.bundle.unit-test";
		};
		F1C4FEA82FF58B0700294B17 /* FlapseUITests */ = {
			isa = PBXNativeTarget;
			buildConfigurationList = F1C4FEB92FF58B0700294B17 /* Build configuration list for PBXNativeTarget "FlapseUITests" */;
			buildPhases = (
				F1C4FEA52FF58B0700294B17 /* Sources */,
				F1C4FEA62FF58B0700294B17 /* Frameworks */,
				F1C4FEA72FF58B0700294B17 /* Resources */,
			);
			buildRules = (
			);
			dependencies = (
				F1C4FEAB2FF58B0700294B17 /* PBXTargetDependency */,
			);
			fileSystemSynchronizedGroups = (
				F1C4FEAC2FF58B0700294B17 /* FlapseUITests */,
			);
			name = FlapseUITests;
			packageProductDependencies = (
			);
			productName = FlapseUITests;
			productReference = F1C4FEA92FF58B0700294B17 /* FlapseUITests.xctest */;
			productType = "com.apple.product-type.bundle.ui-testing";
		};
		FA0000000000000000000001 /* FlapseWidgets */ = {
			isa = PBXNativeTarget;
			buildConfigurationList = FA0000000000000000000003 /* Build configuration list for PBXNativeTarget "FlapseWidgets" */;
			buildPhases = (
				FA0000000000000000000007 /* Sources */,
				FA0000000000000000000008 /* Frameworks */,
				FA0000000000000000000009 /* Resources */,
			);
			buildRules = (
			);
			dependencies = (
			);
			fileSystemSynchronizedGroups = (
				FA0000000000000000000002 /* Widgets */,
			);
			name = FlapseWidgets;
			packageProductDependencies = (
			);
			productName = FlapseWidgets;
			productReference = FA0000000000000000000006 /* FlapseWidgets.appex */;
			productType = "com.apple.product-type.app-extension";
		};
/* End PBXNativeTarget section */

/* Begin PBXProject section */
		F1C4FE8A2FF58B0500294B17 /* Project object */ = {
			isa = PBXProject;
			attributes = {
				BuildIndependentTargetsInParallel = 1;
				LastSwiftUpdateCheck = 2660;
				LastUpgradeCheck = 2660;
				TargetAttributes = {
					F1C4FE912FF58B0500294B17 = {
						CreatedOnToolsVersion = 26.6;
					};
					F1C4FE9E2FF58B0700294B17 = {
						CreatedOnToolsVersion = 26.6;
						TestTargetID = F1C4FE912FF58B0500294B17;
					};
					F1C4FEA82FF58B0700294B17 = {
						CreatedOnToolsVersion = 26.6;
						TestTargetID = F1C4FE912FF58B0500294B17;
					};
				};
			};
			buildConfigurationList = F1C4FE8D2FF58B0500294B17 /* Build configuration list for PBXProject "Flapse" */;
			developmentRegion = tr;
			hasScannedForEncodings = 0;
			knownRegions = (
				tr,
				en,
				de,
				es,
				fr,
				pt,
				hi,
				"zh-Hans",
				ja,
				ar,
				ru,
				ko,
				Base,
			);
			mainGroup = F1C4FE892FF58B0500294B17;
			minimizedProjectReferenceProxies = 1;
			preferredProjectObjectVersion = 77;
			productRefGroup = F1C4FE932FF58B0500294B17 /* Products */;
			projectDirPath = "";
			projectRoot = "";
			targets = (
				F1C4FE912FF58B0500294B17 /* Flapse */,
				FA0000000000000000000001 /* FlapseWidgets */,
				F1C4FE9E2FF58B0700294B17 /* FlapseTests */,
				F1C4FEA82FF58B0700294B17 /* FlapseUITests */,
			);
		};
/* End PBXProject section */

/* Begin PBXResourcesBuildPhase section */
		F1C4FE902FF58B0500294B17 /* Resources */ = {
			isa = PBXResourcesBuildPhase;
			buildActionMask = 2147483647;
			files = (
			);
			runOnlyForDeploymentPostprocessing = 0;
		};
		F1C4FE9D2FF58B0700294B17 /* Resources */ = {
			isa = PBXResourcesBuildPhase;
			buildActionMask = 2147483647;
			files = (
			);
			runOnlyForDeploymentPostprocessing = 0;
		};
		F1C4FEA72FF58B0700294B17 /* Resources */ = {
			isa = PBXResourcesBuildPhase;
			buildActionMask = 2147483647;
			files = (
			);
			runOnlyForDeploymentPostprocessing = 0;
		};
		FA0000000000000000000009 /* Resources */ = {
			isa = PBXResourcesBuildPhase;
			buildActionMask = 2147483647;
			files = (
			);
			runOnlyForDeploymentPostprocessing = 0;
		};
/* End PBXResourcesBuildPhase section */

/* Begin PBXSourcesBuildPhase section */
		F1C4FE8E2FF58B0500294B17 /* Sources */ = {
			isa = PBXSourcesBuildPhase;
			buildActionMask = 2147483647;
			files = (
			);
			runOnlyForDeploymentPostprocessing = 0;
		};
		F1C4FE9B2FF58B0700294B17 /* Sources */ = {
			isa = PBXSourcesBuildPhase;
			buildActionMask = 2147483647;
			files = (
			);
			runOnlyForDeploymentPostprocessing = 0;
		};
		F1C4FEA52FF58B0700294B17 /* Sources */ = {
			isa = PBXSourcesBuildPhase;
			buildActionMask = 2147483647;
			files = (
			);
			runOnlyForDeploymentPostprocessing = 0;
		};
		FA0000000000000000000007 /* Sources */ = {
			isa = PBXSourcesBuildPhase;
			buildActionMask = 2147483647;
			files = (
			);
			runOnlyForDeploymentPostprocessing = 0;
		};
/* End PBXSourcesBuildPhase section */

/* Begin PBXTargetDependency section */
		F1C4FEA12FF58B0700294B17 /* PBXTargetDependency */ = {
			isa = PBXTargetDependency;
			target = F1C4FE912FF58B0500294B17 /* Flapse */;
			targetProxy = F1C4FEA02FF58B0700294B17 /* PBXContainerItemProxy */;
		};
		F1C4FEAB2FF58B0700294B17 /* PBXTargetDependency */ = {
			isa = PBXTargetDependency;
			target = F1C4FE912FF58B0500294B17 /* Flapse */;
			targetProxy = F1C4FEAA2FF58B0700294B17 /* PBXContainerItemProxy */;
		};
		FA000000000000000000000E /* PBXTargetDependency */ = {
			isa = PBXTargetDependency;
			target = FA0000000000000000000001 /* FlapseWidgets */;
			targetProxy = FA000000000000000000000A /* PBXContainerItemProxy */;
		};
/* End PBXTargetDependency section */

/* Begin XCBuildConfiguration section */
		F1C4FEB12FF58B0700294B17 /* Debug */ = {
			isa = XCBuildConfiguration;
			buildSettings = {
				ALWAYS_SEARCH_USER_PATHS = NO;
				ASSETCATALOG_COMPILER_GENERATE_SWIFT_ASSET_SYMBOL_EXTENSIONS = YES;
				CLANG_ANALYZER_NONNULL = YES;
				CLANG_ANALYZER_NUMBER_OBJECT_CONVERSION = YES_AGGRESSIVE;
				CLANG_CXX_LANGUAGE_STANDARD = "gnu++20";
				CLANG_ENABLE_MODULES = YES;
				CLANG_ENABLE_OBJC_ARC = YES;
				CLANG_ENABLE_OBJC_WEAK = YES;
				CLANG_WARN_BLOCK_CAPTURE_AUTORELEASING = YES;
				CLANG_WARN_BOOL_CONVERSION = YES;
				CLANG_WARN_COMMA = YES;
				CLANG_WARN_CONSTANT_CONVERSION = YES;
				CLANG_WARN_DEPRECATED_OBJC_IMPLEMENTATIONS = YES;
				CLANG_WARN_DIRECT_OBJC_ISA_USAGE = YES_ERROR;
				CLANG_WARN_DOCUMENTATION_COMMENTS = YES;
				CLANG_WARN_EMPTY_BODY = YES;
				CLANG_WARN_ENUM_CONVERSION = YES;
				CLANG_WARN_INFINITE_RECURSION = YES;
				CLANG_WARN_INT_CONVERSION = YES;
				CLANG_WARN_NON_LITERAL_NULL_CONVERSION = YES;
				CLANG_WARN_OBJC_IMPLICIT_RETAIN_SELF = YES;
				CLANG_WARN_OBJC_LITERAL_CONVERSION = YES;
				CLANG_WARN_OBJC_ROOT_CLASS = YES_ERROR;
				CLANG_WARN_QUOTED_INCLUDE_IN_FRAMEWORK_HEADER = YES;
				CLANG_WARN_RANGE_LOOP_ANALYSIS = YES;
				CLANG_WARN_STRICT_PROTOTYPES = YES;
				CLANG_WARN_SUSPICIOUS_MOVE = YES;
				CLANG_WARN_UNGUARDED_AVAILABILITY = YES_AGGRESSIVE;
				CLANG_WARN_UNREACHABLE_CODE = YES;
				CLANG_WARN__DUPLICATE_METHOD_MATCH = YES;
				COPY_PHASE_STRIP = NO;
				DEBUG_INFORMATION_FORMAT = dwarf;
				ENABLE_STRICT_OBJC_MSGSEND = YES;
				ENABLE_TESTABILITY = YES;
				ENABLE_USER_SCRIPT_SANDBOXING = YES;
				GCC_C_LANGUAGE_STANDARD = gnu17;
				GCC_DYNAMIC_NO_PIC = NO;
				GCC_NO_COMMON_BLOCKS = YES;
				GCC_OPTIMIZATION_LEVEL = 0;
				GCC_PREPROCESSOR_DEFINITIONS = (
					"DEBUG=1",
					"$(inherited)",
				);
				GCC_WARN_64_TO_32_BIT_CONVERSION = YES;
				GCC_WARN_ABOUT_RETURN_TYPE = YES_ERROR;
				GCC_WARN_UNDECLARED_SELECTOR = YES;
				GCC_WARN_UNINITIALIZED_AUTOS = YES_AGGRESSIVE;
				GCC_WARN_UNUSED_FUNCTION = YES;
				GCC_WARN_UNUSED_VARIABLE = YES;
				IPHONEOS_DEPLOYMENT_TARGET = 17.0;
				LOCALIZATION_PREFERS_STRING_CATALOGS = YES;
				MTL_ENABLE_DEBUG_INFO = INCLUDE_SOURCE;
				MTL_FAST_MATH = YES;
				ONLY_ACTIVE_ARCH = YES;
				SDKROOT = iphoneos;
				SWIFT_ACTIVE_COMPILATION_CONDITIONS = "DEBUG $(inherited)";
				SWIFT_OPTIMIZATION_LEVEL = "-Onone";
			};
			name = Debug;
		};
		F1C4FEB22FF58B0700294B17 /* Release */ = {
			isa = XCBuildConfiguration;
			buildSettings = {
				ALWAYS_SEARCH_USER_PATHS = NO;
				ASSETCATALOG_COMPILER_GENERATE_SWIFT_ASSET_SYMBOL_EXTENSIONS = YES;
				CLANG_ANALYZER_NONNULL = YES;
				CLANG_ANALYZER_NUMBER_OBJECT_CONVERSION = YES_AGGRESSIVE;
				CLANG_CXX_LANGUAGE_STANDARD = "gnu++20";
				CLANG_ENABLE_MODULES = YES;
				CLANG_ENABLE_OBJC_ARC = YES;
				CLANG_ENABLE_OBJC_WEAK = YES;
				CLANG_WARN_BLOCK_CAPTURE_AUTORELEASING = YES;
				CLANG_WARN_BOOL_CONVERSION = YES;
				CLANG_WARN_COMMA = YES;
				CLANG_WARN_CONSTANT_CONVERSION = YES;
				CLANG_WARN_DEPRECATED_OBJC_IMPLEMENTATIONS = YES;
				CLANG_WARN_DIRECT_OBJC_ISA_USAGE = YES_ERROR;
				CLANG_WARN_DOCUMENTATION_COMMENTS = YES;
				CLANG_WARN_EMPTY_BODY = YES;
				CLANG_WARN_ENUM_CONVERSION = YES;
				CLANG_WARN_INFINITE_RECURSION = YES;
				CLANG_WARN_INT_CONVERSION = YES;
				CLANG_WARN_NON_LITERAL_NULL_CONVERSION = YES;
				CLANG_WARN_OBJC_IMPLICIT_RETAIN_SELF = YES;
				CLANG_WARN_OBJC_LITERAL_CONVERSION = YES;
				CLANG_WARN_OBJC_ROOT_CLASS = YES_ERROR;
				CLANG_WARN_QUOTED_INCLUDE_IN_FRAMEWORK_HEADER = YES;
				CLANG_WARN_RANGE_LOOP_ANALYSIS = YES;
				CLANG_WARN_STRICT_PROTOTYPES = YES;
				CLANG_WARN_SUSPICIOUS_MOVE = YES;
				CLANG_WARN_UNGUARDED_AVAILABILITY = YES_AGGRESSIVE;
				CLANG_WARN_UNREACHABLE_CODE = YES;
				CLANG_WARN__DUPLICATE_METHOD_MATCH = YES;
				COPY_PHASE_STRIP = NO;
				DEBUG_INFORMATION_FORMAT = "dwarf-with-dsym";
				ENABLE_NS_ASSERTIONS = NO;
				ENABLE_STRICT_OBJC_MSGSEND = YES;
				ENABLE_USER_SCRIPT_SANDBOXING = YES;
				GCC_C_LANGUAGE_STANDARD = gnu17;
				GCC_NO_COMMON_BLOCKS = YES;
				GCC_WARN_64_TO_32_BIT_CONVERSION = YES;
				GCC_WARN_ABOUT_RETURN_TYPE = YES_ERROR;
				GCC_WARN_UNDECLARED_SELECTOR = YES;
				GCC_WARN_UNINITIALIZED_AUTOS = YES_AGGRESSIVE;
				GCC_WARN_UNUSED_FUNCTION = YES;
				GCC_WARN_UNUSED_VARIABLE = YES;
				IPHONEOS_DEPLOYMENT_TARGET = 17.0;
				LOCALIZATION_PREFERS_STRING_CATALOGS = YES;
				MTL_ENABLE_DEBUG_INFO = NO;
				MTL_FAST_MATH = YES;
				SDKROOT = iphoneos;
				SWIFT_COMPILATION_MODE = wholemodule;
				VALIDATE_PRODUCT = YES;
			};
			name = Release;
		};
		F1C4FEB42FF58B0700294B17 /* Debug */ = {
			isa = XCBuildConfiguration;
			buildSettings = {
				ASSETCATALOG_COMPILER_APPICON_NAME = AppIcon;
				ASSETCATALOG_COMPILER_GLOBAL_ACCENT_COLOR_NAME = AccentColor;
				CODE_SIGN_ENTITLEMENTS = Flapse/Flapse.entitlements;
				CODE_SIGN_STYLE = Automatic;
				CURRENT_PROJECT_VERSION = 1;
				DEVELOPMENT_TEAM = 5ZYCHZ39QV;
				ENABLE_PREVIEWS = YES;
				GENERATE_INFOPLIST_FILE = YES;
				INFOPLIST_FILE = Flapse/Info.plist;
				INFOPLIST_KEY_CFBundleDisplayName = Flapse;
				INFOPLIST_KEY_ITSAppUsesNonExemptEncryption = NO;
				INFOPLIST_KEY_LSApplicationCategoryType = "public.app-category.productivity";
				INFOPLIST_KEY_NSCameraUsageDescription = "Gelişim fotoğraflarını çekmek için kameraya erişim gerekir.";
				INFOPLIST_KEY_NSLocationWhenInUseUsageDescription = "Çekimlerinize yer bilgisi eklemek için konuma erişim gerekir.";
				INFOPLIST_KEY_NSPhotoLibraryAddUsageDescription = "Kareleri ve timelapse videolarını fotoğraflarına kaydetmek için erişim gerekir.";
				INFOPLIST_KEY_NSPhotoLibraryUsageDescription = "Fotoğraflardan içe aktarırken çekim tarihi ve konum bilgisini okumak için erişim gerekir.";
				INFOPLIST_KEY_UIApplicationSceneManifest_Generation = YES;
				INFOPLIST_KEY_UIApplicationSupportsIndirectInputEvents = YES;
				INFOPLIST_KEY_UILaunchScreen_Generation = YES;
				INFOPLIST_KEY_UIRequiresFullScreen = YES;
				INFOPLIST_KEY_UISupportedInterfaceOrientations_iPad = UIInterfaceOrientationPortrait;
				INFOPLIST_KEY_UISupportedInterfaceOrientations_iPhone = UIInterfaceOrientationPortrait;
				LD_RUNPATH_SEARCH_PATHS = (
					"$(inherited)",
					"@executable_path/Frameworks",
				);
				MARKETING_VERSION = 1.0;
				PRODUCT_BUNDLE_IDENTIFIER = rozcan.Flapse;
				PRODUCT_NAME = "$(TARGET_NAME)";
				STRING_CATALOG_GENERATE_SYMBOLS = YES;
				SWIFT_APPROACHABLE_CONCURRENCY = YES;
				SWIFT_DEFAULT_ACTOR_ISOLATION = nonisolated;
				SWIFT_EMIT_LOC_STRINGS = YES;
				SWIFT_UPCOMING_FEATURE_MEMBER_IMPORT_VISIBILITY = YES;
				SWIFT_VERSION = 5.0;
				TARGETED_DEVICE_FAMILY = "1,2";
			};
			name = Debug;
		};
		F1C4FEB52FF58B0700294B17 /* Release */ = {
			isa = XCBuildConfiguration;
			buildSettings = {
				ASSETCATALOG_COMPILER_APPICON_NAME = AppIcon;
				ASSETCATALOG_COMPILER_GLOBAL_ACCENT_COLOR_NAME = AccentColor;
				CODE_SIGN_ENTITLEMENTS = Flapse/Flapse.entitlements;
				CODE_SIGN_STYLE = Automatic;
				CURRENT_PROJECT_VERSION = 1;
				DEVELOPMENT_TEAM = 5ZYCHZ39QV;
				ENABLE_PREVIEWS = YES;
				GENERATE_INFOPLIST_FILE = YES;
				INFOPLIST_FILE = Flapse/Info.plist;
				INFOPLIST_KEY_CFBundleDisplayName = Flapse;
				INFOPLIST_KEY_ITSAppUsesNonExemptEncryption = NO;
				INFOPLIST_KEY_LSApplicationCategoryType = "public.app-category.productivity";
				INFOPLIST_KEY_NSCameraUsageDescription = "Gelişim fotoğraflarını çekmek için kameraya erişim gerekir.";
				INFOPLIST_KEY_NSLocationWhenInUseUsageDescription = "Çekimlerinize yer bilgisi eklemek için konuma erişim gerekir.";
				INFOPLIST_KEY_NSPhotoLibraryAddUsageDescription = "Kareleri ve timelapse videolarını fotoğraflarına kaydetmek için erişim gerekir.";
				INFOPLIST_KEY_NSPhotoLibraryUsageDescription = "Fotoğraflardan içe aktarırken çekim tarihi ve konum bilgisini okumak için erişim gerekir.";
				INFOPLIST_KEY_UIApplicationSceneManifest_Generation = YES;
				INFOPLIST_KEY_UIApplicationSupportsIndirectInputEvents = YES;
				INFOPLIST_KEY_UILaunchScreen_Generation = YES;
				INFOPLIST_KEY_UIRequiresFullScreen = YES;
				INFOPLIST_KEY_UISupportedInterfaceOrientations_iPad = UIInterfaceOrientationPortrait;
				INFOPLIST_KEY_UISupportedInterfaceOrientations_iPhone = UIInterfaceOrientationPortrait;
				LD_RUNPATH_SEARCH_PATHS = (
					"$(inherited)",
					"@executable_path/Frameworks",
				);
				MARKETING_VERSION = 1.0;
				PRODUCT_BUNDLE_IDENTIFIER = rozcan.Flapse;
				PRODUCT_NAME = "$(TARGET_NAME)";
				STRING_CATALOG_GENERATE_SYMBOLS = YES;
				SWIFT_APPROACHABLE_CONCURRENCY = YES;
				SWIFT_DEFAULT_ACTOR_ISOLATION = nonisolated;
				SWIFT_EMIT_LOC_STRINGS = YES;
				SWIFT_UPCOMING_FEATURE_MEMBER_IMPORT_VISIBILITY = YES;
				SWIFT_VERSION = 5.0;
				TARGETED_DEVICE_FAMILY = "1,2";
			};
			name = Release;
		};
		F1C4FEB72FF58B0700294B17 /* Debug */ = {
			isa = XCBuildConfiguration;
			buildSettings = {
				BUNDLE_LOADER = "$(TEST_HOST)";
				CODE_SIGN_STYLE = Automatic;
				CURRENT_PROJECT_VERSION = 1;
				DEVELOPMENT_TEAM = 5ZYCHZ39QV;
				GENERATE_INFOPLIST_FILE = YES;
				IPHONEOS_DEPLOYMENT_TARGET = 17.0;
				MARKETING_VERSION = 1.0;
				PRODUCT_BUNDLE_IDENTIFIER = rozcan.FlapseTests;
				PRODUCT_NAME = "$(TARGET_NAME)";
				STRING_CATALOG_GENERATE_SYMBOLS = NO;
				SWIFT_APPROACHABLE_CONCURRENCY = YES;
				SWIFT_EMIT_LOC_STRINGS = NO;
				SWIFT_UPCOMING_FEATURE_MEMBER_IMPORT_VISIBILITY = YES;
				SWIFT_VERSION = 5.0;
				TARGETED_DEVICE_FAMILY = "1,2";
				TEST_HOST = "$(BUILT_PRODUCTS_DIR)/Flapse.app/$(BUNDLE_EXECUTABLE_FOLDER_PATH)/Flapse";
			};
			name = Debug;
		};
		F1C4FEB82FF58B0700294B17 /* Release */ = {
			isa = XCBuildConfiguration;
			buildSettings = {
				BUNDLE_LOADER = "$(TEST_HOST)";
				CODE_SIGN_STYLE = Automatic;
				CURRENT_PROJECT_VERSION = 1;
				DEVELOPMENT_TEAM = 5ZYCHZ39QV;
				GENERATE_INFOPLIST_FILE = YES;
				IPHONEOS_DEPLOYMENT_TARGET = 17.0;
				MARKETING_VERSION = 1.0;
				PRODUCT_BUNDLE_IDENTIFIER = rozcan.FlapseTests;
				PRODUCT_NAME = "$(TARGET_NAME)";
				STRING_CATALOG_GENERATE_SYMBOLS = NO;
				SWIFT_APPROACHABLE_CONCURRENCY = YES;
				SWIFT_EMIT_LOC_STRINGS = NO;
				SWIFT_UPCOMING_FEATURE_MEMBER_IMPORT_VISIBILITY = YES;
				SWIFT_VERSION = 5.0;
				TARGETED_DEVICE_FAMILY = "1,2";
				TEST_HOST = "$(BUILT_PRODUCTS_DIR)/Flapse.app/$(BUNDLE_EXECUTABLE_FOLDER_PATH)/Flapse";
			};
			name = Release;
		};
		F1C4FEBA2FF58B0700294B17 /* Debug */ = {
			isa = XCBuildConfiguration;
			buildSettings = {
				CODE_SIGN_STYLE = Automatic;
				CURRENT_PROJECT_VERSION = 1;
				DEVELOPMENT_TEAM = 5ZYCHZ39QV;
				GENERATE_INFOPLIST_FILE = YES;
				MARKETING_VERSION = 1.0;
				PRODUCT_BUNDLE_IDENTIFIER = rozcan.FlapseUITests;
				PRODUCT_NAME = "$(TARGET_NAME)";
				STRING_CATALOG_GENERATE_SYMBOLS = NO;
				SWIFT_APPROACHABLE_CONCURRENCY = YES;
				SWIFT_EMIT_LOC_STRINGS = NO;
				SWIFT_UPCOMING_FEATURE_MEMBER_IMPORT_VISIBILITY = YES;
				SWIFT_VERSION = 5.0;
				TARGETED_DEVICE_FAMILY = "1,2";
				TEST_TARGET_NAME = Flapse;
			};
			name = Debug;
		};
		F1C4FEBB2FF58B0700294B17 /* Release */ = {
			isa = XCBuildConfiguration;
			buildSettings = {
				CODE_SIGN_STYLE = Automatic;
				CURRENT_PROJECT_VERSION = 1;
				DEVELOPMENT_TEAM = 5ZYCHZ39QV;
				GENERATE_INFOPLIST_FILE = YES;
				MARKETING_VERSION = 1.0;
				PRODUCT_BUNDLE_IDENTIFIER = rozcan.FlapseUITests;
				PRODUCT_NAME = "$(TARGET_NAME)";
				STRING_CATALOG_GENERATE_SYMBOLS = NO;
				SWIFT_APPROACHABLE_CONCURRENCY = YES;
				SWIFT_EMIT_LOC_STRINGS = NO;
				SWIFT_UPCOMING_FEATURE_MEMBER_IMPORT_VISIBILITY = YES;
				SWIFT_VERSION = 5.0;
				TARGETED_DEVICE_FAMILY = "1,2";
				TEST_TARGET_NAME = Flapse;
			};
			name = Release;
		};
		FA0000000000000000000004 /* Debug */ = {
			isa = XCBuildConfiguration;
			buildSettings = {
				CODE_SIGN_ENTITLEMENTS = Widgets/FlapseWidgets.entitlements;
				CODE_SIGN_STYLE = Automatic;
				CURRENT_PROJECT_VERSION = 1;
				DEVELOPMENT_TEAM = 5ZYCHZ39QV;
				GENERATE_INFOPLIST_FILE = YES;
				INFOPLIST_FILE = Widgets/Info.plist;
				INFOPLIST_KEY_CFBundleDisplayName = Flapse;
				IPHONEOS_DEPLOYMENT_TARGET = 17.0;
				LD_RUNPATH_SEARCH_PATHS = (
					"$(inherited)",
					"@executable_path/Frameworks",
					"@executable_path/../../Frameworks",
				);
				MARKETING_VERSION = 1.0;
				PRODUCT_BUNDLE_IDENTIFIER = rozcan.Flapse.Widgets;
				PRODUCT_NAME = "$(TARGET_NAME)";
				SKIP_INSTALL = YES;
				SWIFT_EMIT_LOC_STRINGS = YES;
				SWIFT_VERSION = 5.0;
				TARGETED_DEVICE_FAMILY = "1,2";
			};
			name = Debug;
		};
		FA0000000000000000000005 /* Release */ = {
			isa = XCBuildConfiguration;
			buildSettings = {
				CODE_SIGN_ENTITLEMENTS = Widgets/FlapseWidgets.entitlements;
				CODE_SIGN_STYLE = Automatic;
				CURRENT_PROJECT_VERSION = 1;
				DEVELOPMENT_TEAM = 5ZYCHZ39QV;
				GENERATE_INFOPLIST_FILE = YES;
				INFOPLIST_FILE = Widgets/Info.plist;
				INFOPLIST_KEY_CFBundleDisplayName = Flapse;
				IPHONEOS_DEPLOYMENT_TARGET = 17.0;
				LD_RUNPATH_SEARCH_PATHS = (
					"$(inherited)",
					"@executable_path/Frameworks",
					"@executable_path/../../Frameworks",
				);
				MARKETING_VERSION = 1.0;
				PRODUCT_BUNDLE_IDENTIFIER = rozcan.Flapse.Widgets;
				PRODUCT_NAME = "$(TARGET_NAME)";
				SKIP_INSTALL = YES;
				SWIFT_EMIT_LOC_STRINGS = YES;
				SWIFT_VERSION = 5.0;
				TARGETED_DEVICE_FAMILY = "1,2";
			};
			name = Release;
		};
/* End XCBuildConfiguration section */

/* Begin XCConfigurationList section */
		F1C4FE8D2FF58B0500294B17 /* Build configuration list for PBXProject "Flapse" */ = {
			isa = XCConfigurationList;
			buildConfigurations = (
				F1C4FEB12FF58B0700294B17 /* Debug */,
				F1C4FEB22FF58B0700294B17 /* Release */,
			);
			defaultConfigurationIsVisible = 0;
			defaultConfigurationName = Release;
		};
		F1C4FEB32FF58B0700294B17 /* Build configuration list for PBXNativeTarget "Flapse" */ = {
			isa = XCConfigurationList;
			buildConfigurations = (
				F1C4FEB42FF58B0700294B17 /* Debug */,
				F1C4FEB52FF58B0700294B17 /* Release */,
			);
			defaultConfigurationIsVisible = 0;
			defaultConfigurationName = Release;
		};
		F1C4FEB62FF58B0700294B17 /* Build configuration list for PBXNativeTarget "FlapseTests" */ = {
			isa = XCConfigurationList;
			buildConfigurations = (
				F1C4FEB72FF58B0700294B17 /* Debug */,
				F1C4FEB82FF58B0700294B17 /* Release */,
			);
			defaultConfigurationIsVisible = 0;
			defaultConfigurationName = Release;
		};
		F1C4FEB92FF58B0700294B17 /* Build configuration list for PBXNativeTarget "FlapseUITests" */ = {
			isa = XCConfigurationList;
			buildConfigurations = (
				F1C4FEBA2FF58B0700294B17 /* Debug */,
				F1C4FEBB2FF58B0700294B17 /* Release */,
			);
			defaultConfigurationIsVisible = 0;
			defaultConfigurationName = Release;
		};
		FA0000000000000000000003 /* Build configuration list for PBXNativeTarget "FlapseWidgets" */ = {
			isa = XCConfigurationList;
			buildConfigurations = (
				FA0000000000000000000004 /* Debug */,
				FA0000000000000000000005 /* Release */,
			);
			defaultConfigurationIsVisible = 0;
			defaultConfigurationName = Release;
		};
/* End XCConfigurationList section */
	};
	rootObject = F1C4FE8A2FF58B0500294B17 /* Project object */;
}
